# This file is automatically @generated by Cargo.
# It is not intended for manual editing.
version = 4

[[package]]
name = "cobra-diagnostics-telemetry"
version = "0.1.0"
dependencies = [
 "cobra-lexer-quantum",
 "cobra-parser-ast",
]

[[package]]
name = "cobra-dynamic-fuzzing"
version = "0.1.0"
dependencies = [
 "cobra-lexer-quantum",
 "cobra-parser-ast",
]

[[package]]
name = "cobra-lexer-quantum"
version = "0.1.0"

[[package]]
name = "cobra-parser-ast"
version = "0.1.0"
dependencies = [
 "cobra-lexer-quantum",
]

[[package]]
name = "cobra-runtime-core"
version = "0.1.0"
dependencies = [
 "cobra-lexer-quantum",
 "cobra-parser-ast",
]

[[package]]
name = "cobrac"
version = "0.1.0"
dependencies = [
 "cobra-diagnostics-telemetry",
 "cobra-lexer-quantum",
 "cobra-parser-ast",
 "cobra-runtime-core",
]
